# This file is automatically @generated by Cargo.
# It is not intended for manual editing.
version = 3

[[package]]
name = "print_typewriter"
version = "0.1.4"
source = "registry+https://github.com/rust-lang/crates.io-index"
checksum = "0880983da3c27eb40b88c356c79645cec75eb818d3f0ee54c3fed8c715350ac6"

[[package]]
name = "twelve_days"
version = "0.1.0"
dependencies = [
 "print_typewriter",
]
